github.com/Elizabethppppp/tcp_server v0.1.0 h1:asDNAPNgYSxzFMTdVGcpObSn5vKCk2AmS/18cWJQHc0=
github.com/Elizabethppppp/tcp_server v0.1.0/go.mod h1:6eIbwcSStODN0C8/Ej4jsL429yD/zu6AINDCLIphG2A=
github.com/Elizabethppppp/tcp_server v0.2.0 h1:09wps75v9OVzbiaXo3s3QmH5aSxNrE7HuKatbQooBZY=
github.com/Elizabethppppp/tcp_server v0.2.0/go.mod h1:6eIbwcSStODN0C8/Ej4jsL429yD/zu6AINDCLIphG2A=
github.com/Elizabethppppp/tcp_server v0.3.0 h1:OyvPYEbN91ZXEVGyYszAtEPcojUrWDbEWpJ9gpPl6IA=
github.com/Elizabethppppp/tcp_server v0.3.0/go.mod h1:6eIbwcSStODN0C8/Ej4jsL429yD/zu6AINDCLIphG2A=
