github.com/Elizabethppppp/tcp_server v0.1.0 h1:asDNAPNgYSxzFMTdVGcpObSn5vKCk2AmS/18cWJQHc0=
github.com/Elizabethppppp/tcp_server v0.1.0/go.mod h1:6eIbwcSStODN0C8/Ej4jsL429yD/zu6AINDCLIphG2A=
github.com/yihleego/base62 v0.0.0-20220914065435-8adf690e207d h1:kAwAugZmluQDyB1kf+WbEJkBVWRQQxR/uOVX8ZoUprM=
github.com/yihleego/base62 v0.0.0-20220914065435-8adf690e207d/go.mod h1:D1hhIFHiYg0fNkGgp/sq8Ywq2iopYC0KmSM/mZ3nPsE=
